
Microsoft Visual Studio Solution File, Format Version 12.00
# Visual Studio 14
VisualStudioVersion = 14.0.24720.0
MinimumVisualStudioVersion = 10.0.40219.1
Project("{FAE04EC0-301F-11D3-BF4B-00C04F79EFBC}") = "Server", "Server MultiThread\Server.csproj", "{441EB777-4178-46EC-B656-2166054FF002}"
EndProject
Project("{FAE04EC0-301F-11D3-BF4B-00C04F79EFBC}") = "Client Console", "Client\Client Console.csproj", "{FB279BAE-AC77-4123-B0D0-F9C4D42084DB}"
EndProject
Project("{FAE04EC0-301F-11D3-BF4B-00C04F79EFBC}") = "ServerData", "ServerData\ServerData.csproj", "{BD0B51AC-14BC-4C23-9D0F-1DFED9B69527}"
EndProject
Project("{FAE04EC0-301F-11D3-BF4B-00C04F79EFBC}") = "Client Forms", "Client Forms\Client Forms.csproj", "{91B6642F-41B3-4E59-B8D0-EBABAFF78726}"
EndProject
Global
	GlobalSection(SolutionConfigurationPlatforms) = preSolution
		Debug|Any CPU = Debug|Any CPU
		Release|Any CPU = Release|Any CPU
	EndGlobalSection
	GlobalSection(ProjectConfigurationPlatforms) = postSolution
		{441EB777-4178-46EC-B656-2166054FF002}.Debug|Any CPU.ActiveCfg = Debug|Any CPU
		{441EB777-4178-46EC-B656-2166054FF002}.Debug|Any CPU.Build.0 = Debug|Any CPU
		{441EB777-4178-46EC-B656-2166054FF002}.Release|Any CPU.ActiveCfg = Release|Any CPU
		{441EB777-4178-46EC-B656-2166054FF002}.Release|Any CPU.Build.0 = Release|Any CPU
		{FB279BAE-AC77-4123-B0D0-F9C4D42084DB}.Debug|Any CPU.ActiveCfg = Debug|Any CPU
		{FB279BAE-AC77-4123-B0D0-F9C4D42084DB}.Debug|Any CPU.Build.0 = Debug|Any CPU
		{FB279BAE-AC77-4123-B0D0-F9C4D42084DB}.Release|Any CPU.ActiveCfg = Release|Any CPU
		{FB279BAE-AC77-4123-B0D0-F9C4D42084DB}.Release|Any CPU.Build.0 = Release|Any CPU
		{BD0B51AC-14BC-4C23-9D0F-1DFED9B69527}.Debug|Any CPU.ActiveCfg = Debug|Any CPU
		{BD0B51AC-14BC-4C23-9D0F-1DFED9B69527}.Debug|Any CPU.Build.0 = Debug|Any CPU
		{BD0B51AC-14BC-4C23-9D0F-1DFED9B69527}.Release|Any CPU.ActiveCfg = Release|Any CPU
		{BD0B51AC-14BC-4C23-9D0F-1DFED9B69527}.Release|Any CPU.Build.0 = Release|Any CPU
		{91B6642F-41B3-4E59-B8D0-EBABAFF78726}.Debug|Any CPU.ActiveCfg = Debug|Any CPU
		{91B6642F-41B3-4E59-B8D0-EBABAFF78726}.Debug|Any CPU.Build.0 = Debug|Any CPU
		{91B6642F-41B3-4E59-B8D0-EBABAFF78726}.Release|Any CPU.ActiveCfg = Release|Any CPU
		{91B6642F-41B3-4E59-B8D0-EBABAFF78726}.Release|Any CPU.Build.0 = Release|Any CPU
	EndGlobalSection
	GlobalSection(SolutionProperties) = preSolution
		HideSolutionNode = FALSE
	EndGlobalSection
EndGlobal
